# This file was autogenerated by Stack.
# You should not edit this file by hand.
# For more information, please see the documentation at:
#   https://docs.haskellstack.org/en/stable/lock_files

packages:
- completed:
    name: proto3-suite
    version: 0.4.0.1
    git: https://github.com/awakesecurity/proto3-suite.git
    pantry-tree:
      size: 4321
      sha256: 30e1fdf57d717bcf88764f034e2a5b4e3227755074210b107259fbbd30eb8fc1
    commit: 80cfadab05b96289d724dbda460a419f1dfb1496
  original:
    git: https://github.com/awakesecurity/proto3-suite.git
    commit: 80cfadab05b96289d724dbda460a419f1dfb1496
- completed:
    name: proto3-wire
    version: 1.2.0
    git: https://github.com/awakesecurity/proto3-wire.git
    pantry-tree:
      size: 1759
      sha256: 2d3e47cf4d109a5184c8a5919f12e692fc43197b3cd011aabe8e11dacb6f9946
    commit: 5df56fe1ad26a18b1dfbb2a5b8d35b4c1ad63f53
  original:
    git: https://github.com/awakesecurity/proto3-wire.git
    commit: 5df56fe1ad26a18b1dfbb2a5b8d35b4c1ad63f53
- completed:
    hackage: parameterized-0.5.0.0@sha256:880717fbb958de1bac015f0a375ab6636f162a72483d987a11e305da6fac6c97,1969
    pantry-tree:
      size: 1019
      sha256: 843aed822e03279edf00a2595dfb22038b306f4f0acd6984bd108024c5102f90
  original:
    hackage: parameterized-0.5.0.0@sha256:880717fbb958de1bac015f0a375ab6636f162a72483d987a11e305da6fac6c97,1969
- completed:
    hackage: hw-kafka-client-3.1.1@sha256:096d8701bdcede42a80ee9b7b97de8d335b6e19fadead4cd9d129e598c3c9e55,4736
    pantry-tree:
      size: 2056
      sha256: befdbe5d4a8754d14f50b3c6e5e7701ff2f9a465f1a9515b2e600f18fd8dbcf7
  original:
    hackage: hw-kafka-client-3.1.1@sha256:096d8701bdcede42a80ee9b7b97de8d335b6e19fadead4cd9d129e598c3c9e55,4736
snapshots:
- completed:
    size: 496112
    url: https://raw.githubusercontent.com/commercialhaskell/stackage-snapshots/master/lts/15/15.yaml
    sha256: 86169722ad0056ffc9eacc157ef80ee21d7024f92c0d2961c89ccf432db230a3
  original: lts-15.15
